
Microsoft Visual Studio Solution File, Format Version 12.00
# Visual Studio Version 17
VisualStudioVersion = 17.5.33627.172
MinimumVisualStudioVersion = 10.0.40219.1
Project("{FAE04EC0-301F-11D3-BF4B-00C04F79EFBC}") = "SabalanMedical", "SabalanMedical\SabalanMedical.csproj", "{F30AB61A-750B-4EC8-A484-F0C1EC635217}"
EndProject
Project("{FAE04EC0-301F-11D3-BF4B-00C04F79EFBC}") = "Entities", "Entities\Entities.csproj", "{57998A6A-3BE3-4398-9F33-04D446DE2D8E}"
EndProject
Project("{FAE04EC0-301F-11D3-BF4B-00C04F79EFBC}") = "ServiceContracts", "ServiceContracts\ServiceContracts.csproj", "{8DF1A6EA-04D9-43D5-A4C3-73E18FB61E2C}"
EndProject
Project("{FAE04EC0-301F-11D3-BF4B-00C04F79EFBC}") = "TestProject", "TestProject\TestProject.csproj", "{C3B77F3A-B55D-42ED-9426-1E97F1706AAE}"
EndProject
Project("{FAE04EC0-301F-11D3-BF4B-00C04F79EFBC}") = "Services", "Services\Services.csproj", "{5E7F8AD3-1442-4A0D-BF64-4DE79B117B5B}"
EndProject
Global
	GlobalSection(SolutionConfigurationPlatforms) = preSolution
		Debug|Any CPU = Debug|Any CPU
		Release|Any CPU = Release|Any CPU
	EndGlobalSection
	GlobalSection(ProjectConfigurationPlatforms) = postSolution
		{F30AB61A-750B-4EC8-A484-F0C1EC635217}.Debug|Any CPU.ActiveCfg = Debug|Any CPU
		{F30AB61A-750B-4EC8-A484-F0C1EC635217}.Debug|Any CPU.Build.0 = Debug|Any CPU
		{F30AB61A-750B-4EC8-A484-F0C1EC635217}.Release|Any CPU.ActiveCfg = Release|Any CPU
		{F30AB61A-750B-4EC8-A484-F0C1EC635217}.Release|Any CPU.Build.0 = Release|Any CPU
		{57998A6A-3BE3-4398-9F33-04D446DE2D8E}.Debug|Any CPU.ActiveCfg = Debug|Any CPU
		{57998A6A-3BE3-4398-9F33-04D446DE2D8E}.Debug|Any CPU.Build.0 = Debug|Any CPU
		{57998A6A-3BE3-4398-9F33-04D446DE2D8E}.Release|Any CPU.ActiveCfg = Release|Any CPU
		{57998A6A-3BE3-4398-9F33-04D446DE2D8E}.Release|Any CPU.Build.0 = Release|Any CPU
		{8DF1A6EA-04D9-43D5-A4C3-73E18FB61E2C}.Debug|Any CPU.ActiveCfg = Debug|Any CPU
		{8DF1A6EA-04D9-43D5-A4C3-73E18FB61E2C}.Debug|Any CPU.Build.0 = Debug|Any CPU
		{8DF1A6EA-04D9-43D5-A4C3-73E18FB61E2C}.Release|Any CPU.ActiveCfg = Release|Any CPU
		{8DF1A6EA-04D9-43D5-A4C3-73E18FB61E2C}.Release|Any CPU.Build.0 = Release|Any CPU
		{C3B77F3A-B55D-42ED-9426-1E97F1706AAE}.Debug|Any CPU.ActiveCfg = Debug|Any CPU
		{C3B77F3A-B55D-42ED-9426-1E97F1706AAE}.Debug|Any CPU.Build.0 = Debug|Any CPU
		{C3B77F3A-B55D-42ED-9426-1E97F1706AAE}.Release|Any CPU.ActiveCfg = Release|Any CPU
		{C3B77F3A-B55D-42ED-9426-1E97F1706AAE}.Release|Any CPU.Build.0 = Release|Any CPU
		{5E7F8AD3-1442-4A0D-BF64-4DE79B117B5B}.Debug|Any CPU.ActiveCfg = Debug|Any CPU
		{5E7F8AD3-1442-4A0D-BF64-4DE79B117B5B}.Debug|Any CPU.Build.0 = Debug|Any CPU
		{5E7F8AD3-1442-4A0D-BF64-4DE79B117B5B}.Release|Any CPU.ActiveCfg = Release|Any CPU
		{5E7F8AD3-1442-4A0D-BF64-4DE79B117B5B}.Release|Any CPU.Build.0 = Release|Any CPU
	EndGlobalSection
	GlobalSection(SolutionProperties) = preSolution
		HideSolutionNode = FALSE
	EndGlobalSection
	GlobalSection(ExtensibilityGlobals) = postSolution
		SolutionGuid = {58906A72-3FF5-48F4-A9FA-D67EACB0AFBB}
	EndGlobalSection
EndGlobal
